
Microsoft Visual Studio Solution File, Format Version 12.00
# Visual Studio Version 16
VisualStudioVersion = 16.0.29123.88
MinimumVisualStudioVersion = 10.0.40219.1
Project("{FAE04EC0-301F-11D3-BF4B-00C04F79EFBC}") = "LibraryService", "LibraryService\LibraryService.csproj", "{5409BBE6-CB4C-4432-BC71-1C11922C1112}"
EndProject
Global
	GlobalSection(SolutionConfigurationPlatforms) = preSolution
		Debug|Any CPU = Debug|Any CPU
		Release|Any CPU = Release|Any CPU
	EndGlobalSection
	GlobalSection(ProjectConfigurationPlatforms) = postSolution
		{5409BBE6-CB4C-4432-BC71-1C11922C1112}.Debug|Any CPU.ActiveCfg = Debug|Any CPU
		{5409BBE6-CB4C-4432-BC71-1C11922C1112}.Debug|Any CPU.Build.0 = Debug|Any CPU
		{5409BBE6-CB4C-4432-BC71-1C11922C1112}.Release|Any CPU.ActiveCfg = Release|Any CPU
		{5409BBE6-CB4C-4432-BC71-1C11922C1112}.Release|Any CPU.Build.0 = Release|Any CPU
	EndGlobalSection
	GlobalSection(SolutionProperties) = preSolution
		HideSolutionNode = FALSE
	EndGlobalSection
	GlobalSection(ExtensibilityGlobals) = postSolution
		SolutionGuid = {ED8F1C05-5115-46E3-BF56-4E7E95BD890B}
	EndGlobalSection
EndGlobal
